
Microsoft Visual Studio Solution File, Format Version 12.00
# Visual Studio Version 16
VisualStudioVersion = 16.0.30011.22
MinimumVisualStudioVersion = 10.0.40219.1
Project("{FAE04EC0-301F-11D3-BF4B-00C04F79EFBC}") = "CrudApi", "CrudApi\CrudApi.csproj", "{123B68C0-8F3A-4996-BB17-8E1B5D0246BF}"
EndProject
Global
	GlobalSection(SolutionConfigurationPlatforms) = preSolution
		Debug|Any CPU = Debug|Any CPU
		Release|Any CPU = Release|Any CPU
	EndGlobalSection
	GlobalSection(ProjectConfigurationPlatforms) = postSolution
		{123B68C0-8F3A-4996-BB17-8E1B5D0246BF}.Debug|Any CPU.ActiveCfg = Debug|Any CPU
		{123B68C0-8F3A-4996-BB17-8E1B5D0246BF}.Debug|Any CPU.Build.0 = Debug|Any CPU
		{123B68C0-8F3A-4996-BB17-8E1B5D0246BF}.Release|Any CPU.ActiveCfg = Release|Any CPU
		{123B68C0-8F3A-4996-BB17-8E1B5D0246BF}.Release|Any CPU.Build.0 = Release|Any CPU
	EndGlobalSection
	GlobalSection(SolutionProperties) = preSolution
		HideSolutionNode = FALSE
	EndGlobalSection
	GlobalSection(ExtensibilityGlobals) = postSolution
		SolutionGuid = {478AF130-90C9-4473-B2F2-F8F036BC64F3}
	EndGlobalSection
EndGlobal
